<Solution>
  <Project Path="MCPForUnity.Runtime.csproj" />
  <Project Path="CRPG_BF.Runtime.csproj" />
  <Project Path="MCPForUnity.Editor.csproj" />
  <Project Path="CRPG_BF.Board.PlayModeTests.csproj" />
  <Project Path="EventBus.Core.csproj" />
  <Project Path="EventBus.Tests.csproj" />
  <Project Path="EventBus.UnityAdapter.csproj" />
  <Project Path="CRPG_BF.Input.csproj" />
</Solution>
